
Microsoft Visual Studio Solution File, Format Version 12.00
# Visual Studio Version 16
VisualStudioVersion = 16.0.29424.173
MinimumVisualStudioVersion = 10.0.40219.1
Project("{FAE04EC0-301F-11D3-BF4B-00C04F79EFBC}") = "RestaurantManagement", "RMS\RestaurantManagement.csproj", "{DE24C712-EA3E-44FF-9306-FC6BDE01D21D}"
EndProject
Project("{2150E333-8FDC-42A3-9474-1A3956D46DE8}") = "Solution Items", "Solution Items", "{A695F344-D263-4E8B-8686-D26E82ECF3FF}"
	ProjectSection(SolutionItems) = preProject
		.editorconfig = .editorconfig
	EndProjectSection
EndProject
Global
	GlobalSection(SolutionConfigurationPlatforms) = preSolution
		Debug|Any CPU = Debug|Any CPU
		Release|Any CPU = Release|Any CPU
	EndGlobalSection
	GlobalSection(ProjectConfigurationPlatforms) = postSolution
		{DE24C712-EA3E-44FF-9306-FC6BDE01D21D}.Debug|Any CPU.ActiveCfg = Debug|Any CPU
		{DE24C712-EA3E-44FF-9306-FC6BDE01D21D}.Debug|Any CPU.Build.0 = Debug|Any CPU
		{DE24C712-EA3E-44FF-9306-FC6BDE01D21D}.Release|Any CPU.ActiveCfg = Release|Any CPU
		{DE24C712-EA3E-44FF-9306-FC6BDE01D21D}.Release|Any CPU.Build.0 = Release|Any CPU
	EndGlobalSection
	GlobalSection(SolutionProperties) = preSolution
		HideSolutionNode = FALSE
	EndGlobalSection
	GlobalSection(ExtensibilityGlobals) = postSolution
		SolutionGuid = {3CF9535C-0AC3-4CA4-9711-90EA4B4186BA}
	EndGlobalSection
EndGlobal
